# THIS IS AN AUTOGENERATED FILE. DO NOT EDIT THIS FILE DIRECTLY.
# yarn lockfile v1


"@babel/runtime@^7.11.2":
  version "7.11.2"
  resolved "https://registry.yarnpkg.com/@babel/runtime/-/runtime-7.11.2.tgz#f549c13c754cc40b87644b9fa9f09a6a95fe0736"
  integrity sha512-TeWkU52so0mPtDcaCTxNBI/IHiz0pZgr8VEFqXFtZWpYD08ZB6FaSwVAS8MKRQAP3bYKiVjwysOJgMFY28o6Tw==
  dependencies:
    regenerator-runtime "^0.13.4"

"@polkadot/keyring@^3.4.1":
  version "3.4.1"
  resolved "https://registry.yarnpkg.com/@polkadot/keyring/-/keyring-3.4.1.tgz#9898966373b0f1e49a53cf7a21660be6b964e130"
  integrity sha512-x8FxzDzyFX5ai+tnPaxAFUBV/2Mw/om8sRoMh+fT6Jzh3nC7pXfecH5ticJPKe73v/y42hn9xM0tiAI5P8Ohcw==
  dependencies:
    "@babel/runtime" "^7.11.2"
    "@polkadot/util" "3.4.1"
    "@polkadot/util-crypto" "3.4.1"

"@polkadot/util-crypto@3.4.1", "@polkadot/util-crypto@^3.4.1":
  version "3.4.1"
  resolved "https://registry.yarnpkg.com/@polkadot/util-crypto/-/util-crypto-3.4.1.tgz#f8a18f36221cdae772ab6f499779302f3397eb35"
  integrity sha512-RdTAiJ6dFE8nQJ7/wQkvYa6aNZG3Lusf/r7UmPJ56dZldvDTP3OdekzcfYdogU8hSJrE/xX84ii4DrHLnXXfAQ==
  dependencies:
    "@babel/runtime" "^7.11.2"
    "@polkadot/util" "3.4.1"
    "@polkadot/wasm-crypto" "^1.4.1"
    base-x "^3.0.8"
    bip39 "^3.0.2"
    blakejs "^1.1.0"
    bn.js "^5.1.3"
    elliptic "^6.5.3"
    js-sha3 "^0.8.0"
    pbkdf2 "^3.1.1"
    scryptsy "^2.1.0"
    tweetnacl "^1.0.3"
    xxhashjs "^0.2.2"

"@polkadot/util@3.4.1":
  version "3.4.1"
  resolved "https://registry.yarnpkg.com/@polkadot/util/-/util-3.4.1.tgz#8676dd49e9c2d2332dcb72239287e37f0ab2c60a"
  integrity sha512-CJo0wAzXR8vjAzs9mHDooZr5a3XRW8LlYWik8d/+bv1VDwCC/metSiBrYBOapFhYUjlS5IYIw5bhWS5dnpkXvQ==
  dependencies:
    "@babel/runtime" "^7.11.2"
    "@types/bn.js" "^4.11.6"
    bn.js "^5.1.3"
    camelcase "^5.3.1"
    chalk "^4.1.0"
    ip-regex "^4.1.0"

"@polkadot/wasm-crypto@^1.4.1":
  version "1.4.1"
  resolved "https://registry.yarnpkg.com/@polkadot/wasm-crypto/-/wasm-crypto-1.4.1.tgz#0a053d0c2587da30fb5313cef81f8d9a52029c68"
  integrity sha512-GPBCh8YvQmA5bobI4rqRkUhrEHkEWU1+lcJVPbZYsa7jiHFaZpzCLrGQfiqW/vtbU1aBS2wmJ0x1nlt33B9QqQ==

"@types/bn.js@^4.11.6":
  version "4.11.6"
  resolved "https://registry.yarnpkg.com/@types/bn.js/-/bn.js-4.11.6.tgz#c306c70d9358aaea33cd4eda092a742b9505967c"
  integrity sha512-pqr857jrp2kPuO9uRjZ3PwnJTjoQy+fcdxvBTvHm6dkmEL9q+hDD/2j/0ELOBPtPnS8LjCX0gI9nbl8lVkadpg==
  dependencies:
    "@types/node" "*"

"@types/color-name@^1.1.1":
  version "1.1.1"
  resolved "https://registry.yarnpkg.com/@types/color-name/-/color-name-1.1.1.tgz#1c1261bbeaa10a8055bbc5d8ab84b7b2afc846a0"
  integrity sha512-rr+OQyAjxze7GgWrSaJwydHStIhHq2lvY3BOC2Mj7KnzI7XK0Uw1TOOdI9lDoajEbSWLiYgoo4f1R51erQfhPQ==

"@types/node@*":
  version "14.11.2"
  resolved "https://registry.yarnpkg.com/@types/node/-/node-14.11.2.tgz#2de1ed6670439387da1c9f549a2ade2b0a799256"
  integrity sha512-jiE3QIxJ8JLNcb1Ps6rDbysDhN4xa8DJJvuC9prr6w+1tIh+QAbYyNF3tyiZNLDBIuBCf4KEcV2UvQm/V60xfA==

"@types/node@11.11.6":
  version "11.11.6"
  resolved "https://registry.yarnpkg.com/@types/node/-/node-11.11.6.tgz#df929d1bb2eee5afdda598a41930fe50b43eaa6a"
  integrity sha512-Exw4yUWMBXM3X+8oqzJNRqZSwUAaS4+7NdvHqQuFi/d+synz++xmX3QIf+BFqneW8N31R8Ky+sikfZUXq07ggQ==

ansi-styles@^4.1.0:
  version "4.2.1"
  resolved "https://registry.yarnpkg.com/ansi-styles/-/ansi-styles-4.2.1.tgz#90ae75c424d008d2624c5bf29ead3177ebfcf359"
  integrity sha512-9VGjrMsG1vePxcSweQsN20KY/c4zN0h9fLjqAbwbPfahM3t+NL+M9HC8xeXG2I8pX5NoamTGNuomEUFI7fcUjA==
  dependencies:
    "@types/color-name" "^1.1.1"
    color-convert "^2.0.1"

base-x@^3.0.8:
  version "3.0.8"
  resolved "https://registry.yarnpkg.com/base-x/-/base-x-3.0.8.tgz#1e1106c2537f0162e8b52474a557ebb09000018d"
  integrity sha512-Rl/1AWP4J/zRrk54hhlxH4drNxPJXYUaKffODVI53/dAsV4t9fBxyxYKAVPU1XBHxYwOWP9h9H0hM2MVw4YfJA==
  dependencies:
    safe-buffer "^5.0.1"

bip39@^3.0.2:
  version "3.0.2"
  resolved "https://registry.yarnpkg.com/bip39/-/bip39-3.0.2.tgz#2baf42ff3071fc9ddd5103de92e8f80d9257ee32"
  integrity sha512-J4E1r2N0tUylTKt07ibXvhpT2c5pyAFgvuA5q1H9uDy6dEGpjV8jmymh3MTYJDLCNbIVClSB9FbND49I6N24MQ==
  dependencies:
    "@types/node" "11.11.6"
    create-hash "^1.1.0"
    pbkdf2 "^3.0.9"
    randombytes "^2.0.1"

blakejs@^1.1.0:
  version "1.1.0"
  resolved "https://registry.yarnpkg.com/blakejs/-/blakejs-1.1.0.tgz#69df92ef953aa88ca51a32df6ab1c54a155fc7a5"
  integrity sha1-ad+S75U6qIylGjLfarHFShVfx6U=

bn.js@^4.4.0:
  version "4.11.9"
  resolved "https://registry.yarnpkg.com/bn.js/-/bn.js-4.11.9.tgz#26d556829458f9d1e81fc48952493d0ba3507828"
  integrity sha512-E6QoYqCKZfgatHTdHzs1RRKP7ip4vvm+EyRUeE2RF0NblwVvb0p6jSVeNTOFxPn26QXN2o6SMfNxKp6kU8zQaw==

bn.js@^5.1.3:
  version "5.1.3"
  resolved "https://registry.yarnpkg.com/bn.js/-/bn.js-5.1.3.tgz#beca005408f642ebebea80b042b4d18d2ac0ee6b"
  integrity sha512-GkTiFpjFtUzU9CbMeJ5iazkCzGL3jrhzerzZIuqLABjbwRaFt33I9tUdSNryIptM+RxDet6OKm2WnLXzW51KsQ==

brorand@^1.0.1:
  version "1.1.0"
  resolved "https://registry.yarnpkg.com/brorand/-/brorand-1.1.0.tgz#12c25efe40a45e3c323eb8675a0a0ce57b22371f"
  integrity sha1-EsJe/kCkXjwyPrhnWgoM5XsiNx8=

camelcase@^5.3.1:
  version "5.3.1"
  resolved "https://registry.yarnpkg.com/camelcase/-/camelcase-5.3.1.tgz#e3c9b31569e106811df242f715725a1f4c494320"
  integrity sha512-L28STB170nwWS63UjtlEOE3dldQApaJXZkOI1uMFfzf3rRuPegHaHesyee+YxQ+W6SvRDQV6UrdOdRiR153wJg==

chalk@^4.1.0:
  version "4.1.0"
  resolved "https://registry.yarnpkg.com/chalk/-/chalk-4.1.0.tgz#4e14870a618d9e2edd97dd8345fd9d9dc315646a"
  integrity sha512-qwx12AxXe2Q5xQ43Ac//I6v5aXTipYrSESdOgzrN+9XjgEpyjpKuvSGaN4qE93f7TQTlerQQ8S+EQ0EyDoVL1A==
  dependencies:
    ansi-styles "^4.1.0"
    supports-color "^7.1.0"

cipher-base@^1.0.1, cipher-base@^1.0.3:
  version "1.0.4"
  resolved "https://registry.yarnpkg.com/cipher-base/-/cipher-base-1.0.4.tgz#8760e4ecc272f4c363532f926d874aae2c1397de"
  integrity sha512-Kkht5ye6ZGmwv40uUDZztayT2ThLQGfnj/T71N/XzeZeo3nf8foyW7zGTsPYkEya3m5f3cAypH+qe7YOrM1U2Q==
  dependencies:
    inherits "^2.0.1"
    safe-buffer "^5.0.1"

color-convert@^2.0.1:
  version "2.0.1"
  resolved "https://registry.yarnpkg.com/color-convert/-/color-convert-2.0.1.tgz#72d3a68d598c9bdb3af2ad1e84f21d896abd4de3"
  integrity sha512-RRECPsj7iu/xb5oKYcsFHSppFNnsj/52OVTRKb4zP5onXwVF3zVmmToNcOfGC+CRDpfK/U584fMg38ZHCaElKQ==
  dependencies:
    color-name "~1.1.4"

color-name@~1.1.4:
  version "1.1.4"
  resolved "https://registry.yarnpkg.com/color-name/-/color-name-1.1.4.tgz#c2a09a87acbde69543de6f63fa3995c826c536a2"
  integrity sha512-dOy+3AuW3a2wNbZHIuMZpTcgjGuLU/uBL/ubcZF9OXbDo8ff4O8yVp5Bf0efS8uEoYo5q4Fx7dY9OgQGXgAsQA==

create-hash@^1.1.0, create-hash@^1.1.2:
  version "1.2.0"
  resolved "https://registry.yarnpkg.com/create-hash/-/create-hash-1.2.0.tgz#889078af11a63756bcfb59bd221996be3a9ef196"
  integrity sha512-z00bCGNHDG8mHAkP7CtT1qVu+bFQUPjYq/4Iv3C3kWjTFV10zIjfSoeqXo9Asws8gwSHDGj/hl2u4OGIjapeCg==
  dependencies:
    cipher-base "^1.0.1"
    inherits "^2.0.1"
    md5.js "^1.3.4"
    ripemd160 "^2.0.1"
    sha.js "^2.4.0"

create-hmac@^1.1.4:
  version "1.1.7"
  resolved "https://registry.yarnpkg.com/create-hmac/-/create-hmac-1.1.7.tgz#69170c78b3ab957147b2b8b04572e47ead2243ff"
  integrity sha512-MJG9liiZ+ogc4TzUwuvbER1JRdgvUFSB5+VR/g5h82fGaIRWMWddtKBHi7/sVhfjQZ6SehlyhvQYrcYkaUIpLg==
  dependencies:
    cipher-base "^1.0.3"
    create-hash "^1.1.0"
    inherits "^2.0.1"
    ripemd160 "^2.0.0"
    safe-buffer "^5.0.1"
    sha.js "^2.4.8"

cuint@^0.2.2:
  version "0.2.2"
  resolved "https://registry.yarnpkg.com/cuint/-/cuint-0.2.2.tgz#408086d409550c2631155619e9fa7bcadc3b991b"
  integrity sha1-QICG1AlVDCYxFVYZ6fp7ytw7mRs=

elliptic@^6.5.3:
  version "6.5.3"
  resolved "https://registry.yarnpkg.com/elliptic/-/elliptic-6.5.3.tgz#cb59eb2efdaf73a0bd78ccd7015a62ad6e0f93d6"
  integrity sha512-IMqzv5wNQf+E6aHeIqATs0tOLeOTwj1QKbRcS3jBbYkl5oLAserA8yJTT7/VyHUYG91PRmPyeQDObKLPpeS4dw==
  dependencies:
    bn.js "^4.4.0"
    brorand "^1.0.1"
    hash.js "^1.0.0"
    hmac-drbg "^1.0.0"
    inherits "^2.0.1"
    minimalistic-assert "^1.0.0"
    minimalistic-crypto-utils "^1.0.0"

has-flag@^4.0.0:
  version "4.0.0"
  resolved "https://registry.yarnpkg.com/has-flag/-/has-flag-4.0.0.tgz#944771fd9c81c81265c4d6941860da06bb59479b"
  integrity sha512-EykJT/Q1KjTWctppgIAgfSO0tKVuZUjhgMr17kqTumMl6Afv3EISleU7qZUzoXDFTAHTDC4NOoG/ZxU3EvlMPQ==

hash-base@^3.0.0:
  version "3.1.0"
  resolved "https://registry.yarnpkg.com/hash-base/-/hash-base-3.1.0.tgz#55c381d9e06e1d2997a883b4a3fddfe7f0d3af33"
  integrity sha512-1nmYp/rhMDiE7AYkDw+lLwlAzz0AntGIe51F3RfFfEqyQ3feY2eI/NcwC6umIQVOASPMsWJLJScWKSSvzL9IVA==
  dependencies:
    inherits "^2.0.4"
    readable-stream "^3.6.0"
    safe-buffer "^5.2.0"

hash.js@^1.0.0, hash.js@^1.0.3:
  version "1.1.7"
  resolved "https://registry.yarnpkg.com/hash.js/-/hash.js-1.1.7.tgz#0babca538e8d4ee4a0f8988d68866537a003cf42"
  integrity sha512-taOaskGt4z4SOANNseOviYDvjEJinIkRgmp7LbKP2YTTmVxWBl87s/uzK9r+44BclBSp2X7K1hqeNfz9JbBeXA==
  dependencies:
    inherits "^2.0.3"
    minimalistic-assert "^1.0.1"

hmac-drbg@^1.0.0:
  version "1.0.1"
  resolved "https://registry.yarnpkg.com/hmac-drbg/-/hmac-drbg-1.0.1.tgz#d2745701025a6c775a6c545793ed502fc0c649a1"
  integrity sha1-0nRXAQJabHdabFRXk+1QL8DGSaE=
  dependencies:
    hash.js "^1.0.3"
    minimalistic-assert "^1.0.0"
    minimalistic-crypto-utils "^1.0.1"

inherits@^2.0.1, inherits@^2.0.3, inherits@^2.0.4:
  version "2.0.4"
  resolved "https://registry.yarnpkg.com/inherits/-/inherits-2.0.4.tgz#0fa2c64f932917c3433a0ded55363aae37416b7c"
  integrity sha512-k/vGaX4/Yla3WzyMCvTQOXYeIHvqOKtnqBduzTHpzpQZzAskKMhZ2K+EnBiSM9zGSoIFeMpXKxa4dYeZIQqewQ==

ip-regex@^4.1.0:
  version "4.1.0"
  resolved "https://registry.yarnpkg.com/ip-regex/-/ip-regex-4.1.0.tgz#5ad62f685a14edb421abebc2fff8db94df67b455"
  integrity sha512-pKnZpbgCTfH/1NLIlOduP/V+WRXzC2MOz3Qo8xmxk8C5GudJLgK5QyLVXOSWy3ParAH7Eemurl3xjv/WXYFvMA==

js-sha3@^0.8.0:
  version "0.8.0"
  resolved "https://registry.yarnpkg.com/js-sha3/-/js-sha3-0.8.0.tgz#b9b7a5da73afad7dedd0f8c463954cbde6818840"
  integrity sha512-gF1cRrHhIzNfToc802P800N8PpXS+evLLXfsVpowqmAFR9uwbi89WvXg2QspOmXL8QL86J4T1EpFu+yUkwJY3Q==

md5.js@^1.3.4:
  version "1.3.5"
  resolved "https://registry.yarnpkg.com/md5.js/-/md5.js-1.3.5.tgz#b5d07b8e3216e3e27cd728d72f70d1e6a342005f"
  integrity sha512-xitP+WxNPcTTOgnTJcrhM0xvdPepipPSf3I8EIpGKeFLjt3PlJLIDG3u8EX53ZIubkb+5U2+3rELYpEhHhzdkg==
  dependencies:
    hash-base "^3.0.0"
    inherits "^2.0.1"
    safe-buffer "^5.1.2"

minimalistic-assert@^1.0.0, minimalistic-assert@^1.0.1:
  version "1.0.1"
  resolved "https://registry.yarnpkg.com/minimalistic-assert/-/minimalistic-assert-1.0.1.tgz#2e194de044626d4a10e7f7fbc00ce73e83e4d5c7"
  integrity sha512-UtJcAD4yEaGtjPezWuO9wC4nwUnVH/8/Im3yEHQP4b67cXlD/Qr9hdITCU1xDbSEXg2XKNaP8jsReV7vQd00/A==

minimalistic-crypto-utils@^1.0.0, minimalistic-crypto-utils@^1.0.1:
  version "1.0.1"
  resolved "https://registry.yarnpkg.com/minimalistic-crypto-utils/-/minimalistic-crypto-utils-1.0.1.tgz#f6c00c1c0b082246e5c4d99dfb8c7c083b2b582a"
  integrity sha1-9sAMHAsIIkblxNmd+4x8CDsrWCo=

pbkdf2@^3.0.9, pbkdf2@^3.1.1:
  version "3.1.1"
  resolved "https://registry.yarnpkg.com/pbkdf2/-/pbkdf2-3.1.1.tgz#cb8724b0fada984596856d1a6ebafd3584654b94"
  integrity sha512-4Ejy1OPxi9f2tt1rRV7Go7zmfDQ+ZectEQz3VGUQhgq62HtIRPDyG/JtnwIxs6x3uNMwo2V7q1fMvKjb+Tnpqg==
  dependencies:
    create-hash "^1.1.2"
    create-hmac "^1.1.4"
    ripemd160 "^2.0.1"
    safe-buffer "^5.0.1"
    sha.js "^2.4.8"

randombytes@^2.0.1:
  version "2.1.0"
  resolved "https://registry.yarnpkg.com/randombytes/-/randombytes-2.1.0.tgz#df6f84372f0270dc65cdf6291349ab7a473d4f2a"
  integrity sha512-vYl3iOX+4CKUWuxGi9Ukhie6fsqXqS9FE2Zaic4tNFD2N2QQaXOMFbuKK4QmDHC0JO6B1Zp41J0LpT0oR68amQ==
  dependencies:
    safe-buffer "^5.1.0"

readable-stream@^3.6.0:
  version "3.6.0"
  resolved "https://registry.yarnpkg.com/readable-stream/-/readable-stream-3.6.0.tgz#337bbda3adc0706bd3e024426a286d4b4b2c9198"
  integrity sha512-BViHy7LKeTz4oNnkcLJ+lVSL6vpiFeX6/d3oSH8zCW7UxP2onchk+vTGB143xuFjHS3deTgkKoXXymXqymiIdA==
  dependencies:
    inherits "^2.0.3"
    string_decoder "^1.1.1"
    util-deprecate "^1.0.1"

regenerator-runtime@^0.13.4:
  version "0.13.7"
  resolved "https://registry.yarnpkg.com/regenerator-runtime/-/regenerator-runtime-0.13.7.tgz#cac2dacc8a1ea675feaabaeb8ae833898ae46f55"
  integrity sha512-a54FxoJDIr27pgf7IgeQGxmqUNYrcV338lf/6gH456HZ/PhX+5BcwHXG9ajESmwe6WRO0tAzRUrRmNONWgkrew==

ripemd160@^2.0.0, ripemd160@^2.0.1:
  version "2.0.2"
  resolved "https://registry.yarnpkg.com/ripemd160/-/ripemd160-2.0.2.tgz#a1c1a6f624751577ba5d07914cbc92850585890c"
  integrity sha512-ii4iagi25WusVoiC4B4lq7pbXfAp3D9v5CwfkY33vffw2+pkDjY1D8GaN7spsxvCSx8dkPqOZCEZyfxcmJG2IA==
  dependencies:
    hash-base "^3.0.0"
    inherits "^2.0.1"

safe-buffer@^5.0.1, safe-buffer@^5.1.0, safe-buffer@^5.1.2, safe-buffer@^5.2.0, safe-buffer@~5.2.0:
  version "5.2.1"
  resolved "https://registry.yarnpkg.com/safe-buffer/-/safe-buffer-5.2.1.tgz#1eaf9fa9bdb1fdd4ec75f58f9cdb4e6b7827eec6"
  integrity sha512-rp3So07KcdmmKbGvgaNxQSJr7bGVSVk5S9Eq1F+ppbRo70+YeaDxkw5Dd8NPN+GD6bjnYm2VuPuCXmpuYvmCXQ==

scryptsy@^2.1.0:
  version "2.1.0"
  resolved "https://registry.yarnpkg.com/scryptsy/-/scryptsy-2.1.0.tgz#8d1e8d0c025b58fdd25b6fa9a0dc905ee8faa790"
  integrity sha512-1CdSqHQowJBnMAFyPEBRfqag/YP9OF394FV+4YREIJX4ljD7OxvQRDayyoyyCk+senRjSkP6VnUNQmVQqB6g7w==

sha.js@^2.4.0, sha.js@^2.4.8:
  version "2.4.11"
  resolved "https://registry.yarnpkg.com/sha.js/-/sha.js-2.4.11.tgz#37a5cf0b81ecbc6943de109ba2960d1b26584ae7"
  integrity sha512-QMEp5B7cftE7APOjk5Y6xgrbWu+WkLVQwk8JNjZ8nKRciZaByEW6MubieAiToS7+dwvrjGhH8jRXz3MVd0AYqQ==
  dependencies:
    inherits "^2.0.1"
    safe-buffer "^5.0.1"

string_decoder@^1.1.1:
  version "1.3.0"
  resolved "https://registry.yarnpkg.com/string_decoder/-/string_decoder-1.3.0.tgz#42f114594a46cf1a8e30b0a84f56c78c3edac21e"
  integrity sha512-hkRX8U1WjJFd8LsDJ2yQ/wWWxaopEsABU1XfkM8A+j0+85JAGppt16cr1Whg6KIbb4okU6Mql6BOj+uup/wKeA==
  dependencies:
    safe-buffer "~5.2.0"

supports-color@^7.1.0:
  version "7.2.0"
  resolved "https://registry.yarnpkg.com/supports-color/-/supports-color-7.2.0.tgz#1b7dcdcb32b8138801b3e478ba6a51caa89648da"
  integrity sha512-qpCAvRl9stuOHveKsn7HncJRvv501qIacKzQlO/+Lwxc9+0q2wLyv4Dfvt80/DPn2pqOBsJdDiogXGR9+OvwRw==
  dependencies:
    has-flag "^4.0.0"

tweetnacl@^1.0.3:
  version "1.0.3"
  resolved "https://registry.yarnpkg.com/tweetnacl/-/tweetnacl-1.0.3.tgz#ac0af71680458d8a6378d0d0d050ab1407d35596"
  integrity sha512-6rt+RN7aOi1nGMyC4Xa5DdYiukl2UWCbcJft7YhxReBGQD7OAM8Pbxw6YMo4r2diNEA8FEmu32YOn9rhaiE5yw==

util-deprecate@^1.0.1:
  version "1.0.2"
  resolved "https://registry.yarnpkg.com/util-deprecate/-/util-deprecate-1.0.2.tgz#450d4dc9fa70de732762fbd2d4a28981419a0ccf"
  integrity sha1-RQ1Nyfpw3nMnYvvS1KKJgUGaDM8=

xxhashjs@^0.2.2:
  version "0.2.2"
  resolved "https://registry.yarnpkg.com/xxhashjs/-/xxhashjs-0.2.2.tgz#8a6251567621a1c46a5ae204da0249c7f8caa9d8"
  integrity sha512-AkTuIuVTET12tpsVIQo+ZU6f/qDmKuRUcjaqR+OIvm+aCBsZ95i7UVY5WJ9TMsSaZ0DA2WxoZ4acu0sPH+OKAw==
  dependencies:
    cuint "^0.2.2"
